#MicroXplorer Configuration settings - do not modify
ADC.ClockPrescaler=ADC_CLOCK_SYNC_PCLK_DIV4
ADC.IPParameters=NbrOfConversion,ClockPrescaler,SamplingTimeCommon1,SamplingTimeCommon2,Overrun,SelectedChannel
ADC.NbrOfConversion=1
ADC.Overrun=ADC_OVR_DATA_OVERWRITTEN
ADC.SamplingTimeCommon1=ADC_SAMPLETIME_39CYCLES_5
ADC.SamplingTimeCommon2=ADC_SAMPLETIME_39CYCLES_5
ADC.SelectedChannel=ADC_CHANNEL_2|ADC_CHANNEL_VREFINT
Dma.LPUART1_RX.1.Direction=DMA_PERIPH_TO_MEMORY
Dma.LPUART1_RX.1.EventEnable=DISABLE
Dma.LPUART1_RX.1.Instance=DMA1_Channel4
Dma.LPUART1_RX.1.MemDataAlignment=DMA_MDATAALIGN_BYTE
Dma.LPUART1_RX.1.MemInc=DMA_MINC_ENABLE
Dma.LPUART1_RX.1.Mode=DMA_CIRCULAR
Dma.LPUART1_RX.1.PeriphDataAlignment=DMA_PDATAALIGN_BYTE
Dma.LPUART1_RX.1.PeriphInc=DMA_PINC_DISABLE
Dma.LPUART1_RX.1.Polarity=HAL_DMAMUX_REQ_GEN_RISING
Dma.LPUART1_RX.1.Priority=DMA_PRIORITY_LOW
Dma.LPUART1_RX.1.RequestNumber=1
Dma.LPUART1_RX.1.RequestParameters=Instance,Direction,PeriphInc,MemInc,PeriphDataAlignment,MemDataAlignment,Mode,Priority,SignalID,Polarity,RequestNumber,SyncSignalID,SyncPolarity,SyncEnable,EventEnable,SyncRequestNumber
Dma.LPUART1_RX.1.SignalID=NONE
Dma.LPUART1_RX.1.SyncEnable=DISABLE
Dma.LPUART1_RX.1.SyncPolarity=HAL_DMAMUX_SYNC_NO_EVENT
Dma.LPUART1_RX.1.SyncRequestNumber=1
Dma.LPUART1_RX.1.SyncSignalID=NONE
Dma.Request0=USART2_TX
Dma.Request1=LPUART1_RX
Dma.RequestsNb=2
Dma.USART2_TX.0.Direction=DMA_MEMORY_TO_PERIPH
Dma.USART2_TX.0.EventEnable=DISABLE
Dma.USART2_TX.0.Instance=DMA1_Channel5
Dma.USART2_TX.0.MemDataAlignment=DMA_MDATAALIGN_BYTE
Dma.USART2_TX.0.MemInc=DMA_MINC_ENABLE
Dma.USART2_TX.0.Mode=DMA_NORMAL
Dma.USART2_TX.0.PeriphDataAlignment=DMA_PDATAALIGN_BYTE
Dma.USART2_TX.0.PeriphInc=DMA_PINC_DISABLE
Dma.USART2_TX.0.Polarity=HAL_DMAMUX_REQ_GEN_RISING
Dma.USART2_TX.0.Priority=DMA_PRIORITY_LOW
Dma.USART2_TX.0.RequestNumber=1
Dma.USART2_TX.0.RequestParameters=Instance,Direction,PeriphInc,MemInc,PeriphDataAlignment,MemDataAlignment,Mode,Priority,SignalID,Polarity,RequestNumber,SyncSignalID,SyncPolarity,SyncEnable,EventEnable,SyncRequestNumber
Dma.USART2_TX.0.SignalID=NONE
Dma.USART2_TX.0.SyncEnable=DISABLE
Dma.USART2_TX.0.SyncPolarity=HAL_DMAMUX_SYNC_NO_EVENT
Dma.USART2_TX.0.SyncRequestNumber=1
Dma.USART2_TX.0.SyncSignalID=NONE
File.Version=6
GPIO.groupedBy=Group By Peripherals
KeepUserPlacement=false
LORAWAN.ACTIVE_REGION=LORAMAC_REGION_US915
LORAWAN.Activate_RADIO_BOARD_INTERFACE=Bsp
LORAWAN.IPParameters=SUBGHZ_APPLICATION,ACTIVE_REGION,LORAWAN_FORCE_REJOIN_AT_BOOT,REGION_EU868,LORAMAC_SPECIFICATION_VERSION,Activate_RADIO_BOARD_INTERFACE
LORAWAN.LORAMAC_SPECIFICATION_VERSION=0x01000400
LORAWAN.LORAWAN_FORCE_REJOIN_AT_BOOT=false
LORAWAN.REGION_EU868=false
LORAWAN.SUBGHZ_APPLICATION=LORA_END_NODE
LPUART1.BaudRate=9600
LPUART1.ClockPrescaler=UART_PRESCALER_DIV1
LPUART1.FIFOMode=UART_FIFOMODE_ENABLE
LPUART1.IPParameters=Mode,ClockPrescaler,BaudRate,FIFOMode,SwapParam
LPUART1.Mode=UART_MODE_RX
LPUART1.SwapParam=UART_ADVFEATURE_SWAP_ENABLE
LoRaWAN.BSP.number=3
LoRaWAN0.BSP.STBoard=false
LoRaWAN0.BSP.api=Unknown
LoRaWAN0.BSP.component=
LoRaWAN0.BSP.condition=\!SEM_LORA_USER_APPLICATION | SEM_LORA_USE_RTC
LoRaWAN0.BSP.instance=RTC
LoRaWAN0.BSP.ip=RTC
LoRaWAN0.BSP.mode=RTC Enabled
LoRaWAN0.BSP.name=RTC
LoRaWAN0.BSP.semaphore=
LoRaWAN0.BSP.solution=RTC
LoRaWAN1.BSP.STBoard=false
LoRaWAN1.BSP.api=Unknown
LoRaWAN1.BSP.component=
LoRaWAN1.BSP.condition=\!SEM_LORA_USER_APPLICATION | SEM_LORA_USE_ADC
LoRaWAN1.BSP.instance=ADC
LoRaWAN1.BSP.ip=ADC
LoRaWAN1.BSP.mode=Vrefint Channel
LoRaWAN1.BSP.name=ADC
LoRaWAN1.BSP.semaphore=
LoRaWAN1.BSP.solution=ADC
LoRaWAN2.BSP.STBoard=false
LoRaWAN2.BSP.api=Unknown
LoRaWAN2.BSP.component=
LoRaWAN2.BSP.condition=SEM_LORA_END_NODE  | SEM_LORA_USE_UART
LoRaWAN2.BSP.instance=USART2
LoRaWAN2.BSP.ip=(LPU|US)ART
LoRaWAN2.BSP.mode=Asynchronous
LoRaWAN2.BSP.name=USART
LoRaWAN2.BSP.semaphore=
LoRaWAN2.BSP.solution=USART2
Mcu.CPN=STM32WLE5JCI6
Mcu.Family=STM32WL
Mcu.IP0=ADC
Mcu.IP1=ADV_TRACE
Mcu.IP10=SUBGHZ
Mcu.IP11=SYS
Mcu.IP12=TIMER
Mcu.IP13=TINY_LPM
Mcu.IP14=USART2
Mcu.IP2=DMA
Mcu.IP3=LORAWAN
Mcu.IP4=LPUART1
Mcu.IP5=MISC
Mcu.IP6=NVIC
Mcu.IP7=RCC
Mcu.IP8=RTC
Mcu.IP9=SEQUENCER
Mcu.IPNb=15
Mcu.Name=STM32WLE5JCIx
Mcu.Package=UFBGA73
Mcu.Pin0=PC14-OSC32_IN
Mcu.Pin1=PB3
Mcu.Pin10=PA3
Mcu.Pin11=PA2
Mcu.Pin12=VP_ADC_Vref_Input
Mcu.Pin13=VP_ADV_TRACE_VS_ADV_TRACE
Mcu.Pin14=VP_LORAWAN_VS_LoRaWAN
Mcu.Pin15=VP_MISC_VS_MISC
Mcu.Pin16=VP_RTC_VS_RTC_Activate
Mcu.Pin17=VP_RTC_VS_RTC_Calendar
Mcu.Pin18=VP_RTC_VS_RTC_Alarm_A_Intern
Mcu.Pin19=VP_SEQUENCER_VS_SEQUENCER
Mcu.Pin2=PB7
Mcu.Pin20=VP_SUBGHZ_VS_SUBGHZ
Mcu.Pin21=VP_SYS_VS_Systick
Mcu.Pin22=VP_TIMER_VS_TIMER
Mcu.Pin23=VP_TINY_LPM_VS_TINY_LPM
Mcu.Pin3=PC15-OSC32_OUT
Mcu.Pin4=PB5
Mcu.Pin5=PB6
Mcu.Pin6=PC1
Mcu.Pin7=PC0
Mcu.Pin8=PB0-VDD_TCXO
Mcu.Pin9=OSC_IN
Mcu.PinsNb=24
Mcu.ThirdPartyNb=0
Mcu.UserConstants=RTC_PREDIV_A,((1<<(15-RTC_N_PREDIV_S))-1);RTC_N_PREDIV_S,10;RTC_PREDIV_S,((1<<RTC_N_PREDIV_S)-1)
Mcu.UserName=STM32WLE5JCIx
MxCube.Version=6.6.1
MxDb.Version=DB.6.0.60
NVIC.BusFault_IRQn=true\:0\:0\:false\:false\:true\:false\:false\:false
NVIC.DMA1_Channel4_IRQn=true\:0\:0\:false\:false\:true\:false\:true\:true
NVIC.DMA1_Channel5_IRQn=true\:0\:0\:true\:false\:true\:false\:true\:true
NVIC.DebugMonitor_IRQn=true\:0\:0\:false\:false\:true\:false\:false\:false
NVIC.ForceEnableDMAVector=true
NVIC.HardFault_IRQn=true\:0\:0\:false\:false\:true\:false\:false\:false
NVIC.LPUART1_IRQn=true\:0\:0\:false\:false\:true\:true\:true\:true
NVIC.MemoryManagement_IRQn=true\:0\:0\:false\:false\:true\:false\:false\:false
NVIC.NonMaskableInt_IRQn=true\:0\:0\:false\:false\:true\:false\:false\:false
NVIC.PendSV_IRQn=true\:0\:0\:false\:false\:true\:false\:false\:false
NVIC.PriorityGroup=NVIC_PRIORITYGROUP_4
NVIC.RTC_Alarm_IRQn=true\:0\:0\:false\:false\:true\:true\:true\:true
NVIC.SUBGHZ_Radio_IRQn=true\:0\:0\:false\:false\:true\:true\:true\:true
NVIC.SVCall_IRQn=true\:0\:0\:false\:false\:true\:false\:false\:false
NVIC.SysTick_IRQn=true\:15\:0\:false\:false\:true\:false\:false\:false
NVIC.TAMP_STAMP_LSECSS_SSRU_IRQn=true\:0\:0\:false\:false\:true\:true\:true\:true
NVIC.USART2_IRQn=true\:0\:0\:true\:false\:true\:true\:true\:true
NVIC.UsageFault_IRQn=true\:0\:0\:false\:false\:true\:false\:false\:false
OSC_IN.Mode=HSE-TCXO
OSC_IN.Signal=RCC_OSC_IN
PA2.Locked=true
PA2.Mode=Asynchronous
PA2.Signal=USART2_TX
PA3.Locked=true
PA3.Mode=Asynchronous
PA3.Signal=USART2_RX
PB0-VDD_TCXO.Locked=true
PB0-VDD_TCXO.Mode=HSE-TCXO
PB0-VDD_TCXO.Signal=VDDTCXO
PB3.GPIOParameters=GPIO_Label
PB3.GPIO_Label=ADC_IN
PB3.Locked=true
PB3.Mode=IN2
PB3.Signal=ADC_IN2
PB5.GPIOParameters=GPIO_Label
PB5.GPIO_Label=MB_OC
PB5.Locked=true
PB5.Signal=GPIO_Output
PB6.GPIOParameters=GPIO_Speed,GPIO_Label
PB6.GPIO_Label=LED
PB6.GPIO_Speed=GPIO_SPEED_FREQ_HIGH
PB6.Locked=true
PB6.Signal=GPIO_Output
PB7.GPIOParameters=GPIO_Label
PB7.GPIO_Label=ADC_SW
PB7.Locked=true
PB7.Signal=GPIO_Output
PC0.GPIOParameters=GPIO_Label
PC0.GPIO_Label=MB_CTL
PC0.Locked=true
PC0.Signal=GPIO_Output
PC1.GPIOParameters=GPIO_Label
PC1.GPIO_Label=MB_RX
PC1.Mode=Half_duplex(single_wire_mode)
PC1.Signal=LPUART1_TX
PC14-OSC32_IN.Locked=true
PC14-OSC32_IN.Mode=LSE-External-Oscillator
PC14-OSC32_IN.Signal=RCC_OSC32_IN
PC15-OSC32_OUT.Locked=true
PC15-OSC32_OUT.Mode=LSE-External-Oscillator
PC15-OSC32_OUT.Signal=RCC_OSC32_OUT
PCC.SUBGHZ.FrequencyBand=High
PCC.SUBGHZ.Modulation=FSK
PCC.SUBGHZ.OptionalSettings=false
PCC.SUBGHZ.Output.Power=14
PCC.SUBGHZ.PowerAmplifier=Low Power
PCC.SUBGHZ.RxBoosted=false
PCC.SUBGHZ.SMPS=Off
PinOutPanel.CurrentBGAView=Top
PinOutPanel.RotationAngle=0
ProjectManager.AskForMigrate=true
ProjectManager.BackupPrevious=false
ProjectManager.CompilerOptimize=6
ProjectManager.ComputerToolchain=false
ProjectManager.CoupleFile=true
ProjectManager.CustomerFirmwarePackage=
ProjectManager.DefaultFWLocation=true
ProjectManager.DeletePrevious=true
ProjectManager.DeviceId=STM32WLE5JCIx
ProjectManager.FirmwarePackage=STM32Cube FW_WL V1.2.0
ProjectManager.FreePins=false
ProjectManager.HalAssertFull=false
ProjectManager.HeapSize=0x200
ProjectManager.KeepUserCode=true
ProjectManager.LastFirmware=true
ProjectManager.LibraryCopy=1
ProjectManager.MainLocation=Core/Src
ProjectManager.NoMain=false
ProjectManager.PreviousToolchain=STM32CubeIDE
ProjectManager.ProjectBuild=false
ProjectManager.ProjectFileName=lora-e5.ioc
ProjectManager.ProjectName=lora-e5
ProjectManager.RegisterCallBack=
ProjectManager.StackSize=0x800
ProjectManager.TargetToolchain=STM32CubeIDE
ProjectManager.ToolChainLocation=
ProjectManager.UnderRoot=true
ProjectManager.functionlistsort=1-SystemClock_Config-RCC-false-HAL-false,2-MX_GPIO_Init-GPIO-false-HAL-true,3-MX_DMA_Init-DMA-true-HAL-true,4-MX_USART2_UART_Init-USART2-true-HAL-false,5-MX_ADC_Init-ADC-true-HAL-false,6-MX_RTC_Init-RTC-true-HAL-false,7-MX_SUBGHZ_Init-SUBGHZ-true-HAL-false,8-MX_LoRaWAN_Init-LORAWAN-false-HAL-false,9-MX_LPUART1_UART_Init-LPUART1-true-HAL-true
RCC.AHBFreq_Value=48000000
RCC.APB1Freq_Value=48000000
RCC.APB1TimFreq_Value=48000000
RCC.APB2Freq_Value=48000000
RCC.APB2TimFreq_Value=48000000
RCC.APB3Freq_Value=48000000
RCC.CortexFreq_Value=48000000
RCC.FCLKCortexFreq_Value=48000000
RCC.FLatency=FLASH_LATENCY_2
RCC.FamilyName=M
RCC.HCLK3Freq_Value=48000000
RCC.HCLKFreq_Value=48000000
RCC.HSE_VALUE=32000000
RCC.HSI_VALUE=16000000
RCC.I2C1Freq_Value=48000000
RCC.I2C2Freq_Value=48000000
RCC.I2C3Freq_Value=48000000
RCC.I2S2Freq_Value=16000000
RCC.IPParameters=AHBFreq_Value,APB1Freq_Value,APB1TimFreq_Value,APB2Freq_Value,APB2TimFreq_Value,APB3Freq_Value,CortexFreq_Value,FCLKCortexFreq_Value,FLatency,FamilyName,HCLK3Freq_Value,HCLKFreq_Value,HSE_VALUE,HSI_VALUE,I2C1Freq_Value,I2C2Freq_Value,I2C3Freq_Value,I2S2Freq_Value,LPTIM1Freq_Value,LPTIM2Freq_Value,LPTIM3Freq_Value,LPUART1CLockSelection,LPUART1Freq_Value,LSCOPinFreq_Value,LSE_VALUE,MCO1PinFreq_Value,MSIClockRange,PLLPoutputFreq_Value,PLLQoutputFreq_Value,PLLRCLKFreq_Value,PWRFreq_Value,PWR_Regulator_Voltage_Scale,RNGFreq_Value,RTCClockSelection,RTCFreq_Value,SYSCLKFreq_VALUE,USART1Freq_Value,USART2Freq_Value,VCOInputFreq_Value,VCOOutputFreq_Value
RCC.LPTIM1Freq_Value=48000000
RCC.LPTIM2Freq_Value=48000000
RCC.LPTIM3Freq_Value=48000000
RCC.LPUART1CLockSelection=RCC_LPUART1CLKSOURCE_LSE
RCC.LPUART1Freq_Value=32768
RCC.LSCOPinFreq_Value=32000
RCC.LSE_VALUE=32768
RCC.MCO1PinFreq_Value=48000000
RCC.MSIClockRange=RCC_MSIRANGE_11
RCC.PLLPoutputFreq_Value=192000000
RCC.PLLQoutputFreq_Value=192000000
RCC.PLLRCLKFreq_Value=192000000
RCC.PWRFreq_Value=48000000
RCC.PWR_Regulator_Voltage_Scale=PWR_REGULATOR_VOLTAGE_SCALE1
RCC.RNGFreq_Value=32000
RCC.RTCClockSelection=RCC_RTCCLKSOURCE_LSE
RCC.RTCFreq_Value=32768
RCC.SYSCLKFreq_VALUE=48000000
RCC.USART1Freq_Value=48000000
RCC.USART2Freq_Value=48000000
RCC.VCOInputFreq_Value=48000000
RCC.VCOOutputFreq_Value=384000000
RTC.Alarm-Alarm\ A=RTC_ALARM_A
RTC.AsynchPrediv=RTC_PREDIV_A
RTC.BinMode=RTC_BINARY_ONLY
RTC.BinaryAutoClr_A-Alarm\ A=RTC_ALARMSUBSECONDBIN_AUTOCLR_NO
RTC.IPParameters=Alarm-Alarm A,BinMode,AsynchPrediv,BinaryAutoClr_A-Alarm A
USART2.FIFOMode=FIFOMODE_ENABLE
USART2.IPParameters=VirtualMode-Asynchronous,FIFOMode
USART2.VirtualMode-Asynchronous=VM_ASYNC
VP_ADC_Vref_Input.Mode=IN-Vrefint
VP_ADC_Vref_Input.Signal=ADC_Vref_Input
VP_ADV_TRACE_VS_ADV_TRACE.Mode=ADV_TRACE_Enabled
VP_ADV_TRACE_VS_ADV_TRACE.Signal=ADV_TRACE_VS_ADV_TRACE
VP_LORAWAN_VS_LoRaWAN.Mode=LoRaWAN_Enabled
VP_LORAWAN_VS_LoRaWAN.Signal=LORAWAN_VS_LoRaWAN
VP_MISC_VS_MISC.Mode=MISC_Enabled
VP_MISC_VS_MISC.Signal=MISC_VS_MISC
VP_RTC_VS_RTC_Activate.Mode=RTC_Enabled
VP_RTC_VS_RTC_Activate.Signal=RTC_VS_RTC_Activate
VP_RTC_VS_RTC_Alarm_A_Intern.Mode=Alarm A
VP_RTC_VS_RTC_Alarm_A_Intern.Signal=RTC_VS_RTC_Alarm_A_Intern
VP_RTC_VS_RTC_Calendar.Mode=RTC_Calendar
VP_RTC_VS_RTC_Calendar.Signal=RTC_VS_RTC_Calendar
VP_SEQUENCER_VS_SEQUENCER.Mode=SEQUENCER_Enabled
VP_SEQUENCER_VS_SEQUENCER.Signal=SEQUENCER_VS_SEQUENCER
VP_SUBGHZ_VS_SUBGHZ.Mode=SUBGHZ_Activate
VP_SUBGHZ_VS_SUBGHZ.Signal=SUBGHZ_VS_SUBGHZ
VP_SYS_VS_Systick.Mode=SysTick
VP_SYS_VS_Systick.Signal=SYS_VS_Systick
VP_TIMER_VS_TIMER.Mode=TIMER_Enabled
VP_TIMER_VS_TIMER.Signal=TIMER_VS_TIMER
VP_TINY_LPM_VS_TINY_LPM.Mode=TINY_LPM_Enabled
VP_TINY_LPM_VS_TINY_LPM.Signal=TINY_LPM_VS_TINY_LPM
board=custom
isbadioc=false
